
Microsoft Visual Studio Solution File, Format Version 12.00
# Visual Studio 2013
VisualStudioVersion = 12.0.31101.0
MinimumVisualStudioVersion = 10.0.40219.1
Project("{2150E333-8FDC-42A3-9474-1A3956D46DE8}") = "Data", "Data", "{2550B49B-35FA-43CA-99AC-B6CE1AE406E9}"
EndProject
Project("{FAE04EC0-301F-11D3-BF4B-00C04F79EFBC}") = "Avicola.Data.Common", "Avicola.Data.Common\Avicola.Data.Common.csproj", "{8D1C1FDF-6A6D-4354-AAED-CD35A57734AD}"
EndProject
Project("{FAE04EC0-301F-11D3-BF4B-00C04F79EFBC}") = "Avicola.Services.Common", "Avicola.Services.Common\Avicola.Services.Common.csproj", "{D99A9F23-DBBF-4A12-A9D7-A4B6380C9FA4}"
EndProject
Project("{2150E333-8FDC-42A3-9474-1A3956D46DE8}") = "Office", "Office", "{37883D0F-AD27-47B9-84F3-9416BBC821EA}"
EndProject
Project("{FAE04EC0-301F-11D3-BF4B-00C04F79EFBC}") = "Avicola.Office.Data", "Avicola.Office.Data\Avicola.Office.Data.csproj", "{6BFFA4F1-929D-4838-B780-C999CE56EF38}"
EndProject
Project("{00D1A9C2-B5F0-4AF3-8072-F6C62B433612}") = "Avicola.Office.Database", "Avicola.Office.Database\Avicola.Office.Database.sqlproj", "{112B6298-16DB-4E4F-BE61-0435A387F759}"
EndProject
Project("{FAE04EC0-301F-11D3-BF4B-00C04F79EFBC}") = "Avicola.Office.Entities", "Avicola.Office.Entities\Avicola.Office.Entities.csproj", "{37F66CD2-C14C-4273-B4C2-09E434F63A7D}"
EndProject
Project("{FAE04EC0-301F-11D3-BF4B-00C04F79EFBC}") = "Avicola.Office.Services", "Avicola.Office.Services\Avicola.Office.Services.csproj", "{36C18611-D925-45A2-83B8-AE98EC89E74B}"
EndProject
Project("{2150E333-8FDC-42A3-9474-1A3956D46DE8}") = "Framework", "Framework", "{94F2721F-96CB-4F7B-BCD7-B8B7605FC441}"
EndProject
Project("{FAE04EC0-301F-11D3-BF4B-00C04F79EFBC}") = "Avicola.Production.Win", "Avicola.Production.Win\Avicola.Production.Win.csproj", "{09B5850A-2703-4E69-9EEA-225D55A652AC}"
EndProject
Project("{FAE04EC0-301F-11D3-BF4B-00C04F79EFBC}") = "Framework.Common", "Framework\Framework.Common\Framework.Common.csproj", "{492B8264-0C10-4AFE-A15F-8A82E60ADE68}"
EndProject
Project("{FAE04EC0-301F-11D3-BF4B-00C04F79EFBC}") = "Framework.Common.Win", "Framework\Framework.Common.Win\Framework.Common.Win.csproj", "{EC452900-1B92-4E17-833B-6FE4285C37F5}"
EndProject
Project("{FAE04EC0-301F-11D3-BF4B-00C04F79EFBC}") = "Avicola.Common.Win", "Avicola.Common.Win\Avicola.Common.Win.csproj", "{FFD31016-B795-4D15-90BB-59C09D02CE95}"
EndProject
Project("{FAE04EC0-301F-11D3-BF4B-00C04F79EFBC}") = "Framework.Ioc", "Framework\Framework.Ioc\Framework.Ioc.csproj", "{9F222811-5858-42ED-958F-96C228D67808}"
EndProject
Project("{FAE04EC0-301F-11D3-BF4B-00C04F79EFBC}") = "Framework.Ioc.Ninject", "Framework\Framework.Ioc.Ninject\Framework.Ioc.Ninject.csproj", "{E764FE19-BDC2-4D35-9A83-F29FBA4B61B2}"
EndProject
Project("{FAE04EC0-301F-11D3-BF4B-00C04F79EFBC}") = "Framework.Data", "Framework\Framework.Data\Framework.Data.csproj", "{CB41F702-99FB-49AE-8BC0-1B7F0193EFAB}"
EndProject
Project("{FAE04EC0-301F-11D3-BF4B-00C04F79EFBC}") = "Framework.Data.EntityFramework", "Framework\Framework.Data.EntityFramework\Framework.Data.EntityFramework.csproj", "{20259EAA-C937-4BF2-913A-F4531796FE5B}"
EndProject
Project("{FAE04EC0-301F-11D3-BF4B-00C04F79EFBC}") = "Avicola.Office.Test", "Avicola.Office.Test\Avicola.Office.Test.csproj", "{E44BA08C-9EDB-452D-81F8-5673C05F1DBE}"
EndProject
Project("{FAE04EC0-301F-11D3-BF4B-00C04F79EFBC}") = "Avicola.Production.Dashboard", "Avicola.Production.Dashboard\Avicola.Production.Dashboard.csproj", "{8BA0D1A1-94CB-46A6-892E-41E8AB2599D2}"
EndProject
Project("{FAE04EC0-301F-11D3-BF4B-00C04F79EFBC}") = "Framework.Sync", "Framework\Framework.Sync\Framework.Sync.csproj", "{F98F1B54-2795-4D67-927F-D4C05B0D34F4}"
EndProject
Global
	GlobalSection(SolutionConfigurationPlatforms) = preSolution
		Debug|Any CPU = Debug|Any CPU
		Release|Any CPU = Release|Any CPU
		tekove|Any CPU = tekove|Any CPU
	EndGlobalSection
	GlobalSection(ProjectConfigurationPlatforms) = postSolution
		{8D1C1FDF-6A6D-4354-AAED-CD35A57734AD}.Debug|Any CPU.ActiveCfg = Debug|Any CPU
		{8D1C1FDF-6A6D-4354-AAED-CD35A57734AD}.Debug|Any CPU.Build.0 = Debug|Any CPU
		{8D1C1FDF-6A6D-4354-AAED-CD35A57734AD}.Release|Any CPU.ActiveCfg = Release|Any CPU
		{8D1C1FDF-6A6D-4354-AAED-CD35A57734AD}.Release|Any CPU.Build.0 = Release|Any CPU
		{8D1C1FDF-6A6D-4354-AAED-CD35A57734AD}.tekove|Any CPU.ActiveCfg = Release|Any CPU
		{8D1C1FDF-6A6D-4354-AAED-CD35A57734AD}.tekove|Any CPU.Build.0 = Release|Any CPU
		{D99A9F23-DBBF-4A12-A9D7-A4B6380C9FA4}.Debug|Any CPU.ActiveCfg = Debug|Any CPU
		{D99A9F23-DBBF-4A12-A9D7-A4B6380C9FA4}.Debug|Any CPU.Build.0 = Debug|Any CPU
		{D99A9F23-DBBF-4A12-A9D7-A4B6380C9FA4}.Release|Any CPU.ActiveCfg = Release|Any CPU
		{D99A9F23-DBBF-4A12-A9D7-A4B6380C9FA4}.Release|Any CPU.Build.0 = Release|Any CPU
		{D99A9F23-DBBF-4A12-A9D7-A4B6380C9FA4}.tekove|Any CPU.ActiveCfg = Release|Any CPU
		{D99A9F23-DBBF-4A12-A9D7-A4B6380C9FA4}.tekove|Any CPU.Build.0 = Release|Any CPU
		{6BFFA4F1-929D-4838-B780-C999CE56EF38}.Debug|Any CPU.ActiveCfg = Debug|Any CPU
		{6BFFA4F1-929D-4838-B780-C999CE56EF38}.Debug|Any CPU.Build.0 = Debug|Any CPU
		{6BFFA4F1-929D-4838-B780-C999CE56EF38}.Release|Any CPU.ActiveCfg = Release|Any CPU
		{6BFFA4F1-929D-4838-B780-C999CE56EF38}.Release|Any CPU.Build.0 = Release|Any CPU
		{6BFFA4F1-929D-4838-B780-C999CE56EF38}.tekove|Any CPU.ActiveCfg = Release|Any CPU
		{6BFFA4F1-929D-4838-B780-C999CE56EF38}.tekove|Any CPU.Build.0 = Release|Any CPU
		{112B6298-16DB-4E4F-BE61-0435A387F759}.Debug|Any CPU.ActiveCfg = Debug|Any CPU
		{112B6298-16DB-4E4F-BE61-0435A387F759}.Debug|Any CPU.Build.0 = Debug|Any CPU
		{112B6298-16DB-4E4F-BE61-0435A387F759}.Release|Any CPU.ActiveCfg = Release|Any CPU
		{112B6298-16DB-4E4F-BE61-0435A387F759}.Release|Any CPU.Build.0 = Release|Any CPU
		{112B6298-16DB-4E4F-BE61-0435A387F759}.Release|Any CPU.Deploy.0 = Release|Any CPU
		{112B6298-16DB-4E4F-BE61-0435A387F759}.tekove|Any CPU.ActiveCfg = Release|Any CPU
		{112B6298-16DB-4E4F-BE61-0435A387F759}.tekove|Any CPU.Build.0 = Release|Any CPU
		{112B6298-16DB-4E4F-BE61-0435A387F759}.tekove|Any CPU.Deploy.0 = Release|Any CPU
		{37F66CD2-C14C-4273-B4C2-09E434F63A7D}.Debug|Any CPU.ActiveCfg = Debug|Any CPU
		{37F66CD2-C14C-4273-B4C2-09E434F63A7D}.Debug|Any CPU.Build.0 = Debug|Any CPU
		{37F66CD2-C14C-4273-B4C2-09E434F63A7D}.Release|Any CPU.ActiveCfg = Release|Any CPU
		{37F66CD2-C14C-4273-B4C2-09E434F63A7D}.Release|Any CPU.Build.0 = Release|Any CPU
		{37F66CD2-C14C-4273-B4C2-09E434F63A7D}.tekove|Any CPU.ActiveCfg = Release|Any CPU
		{37F66CD2-C14C-4273-B4C2-09E434F63A7D}.tekove|Any CPU.Build.0 = Release|Any CPU
		{36C18611-D925-45A2-83B8-AE98EC89E74B}.Debug|Any CPU.ActiveCfg = Debug|Any CPU
		{36C18611-D925-45A2-83B8-AE98EC89E74B}.Debug|Any CPU.Build.0 = Debug|Any CPU
		{36C18611-D925-45A2-83B8-AE98EC89E74B}.Release|Any CPU.ActiveCfg = Release|Any CPU
		{36C18611-D925-45A2-83B8-AE98EC89E74B}.Release|Any CPU.Build.0 = Release|Any CPU
		{36C18611-D925-45A2-83B8-AE98EC89E74B}.tekove|Any CPU.ActiveCfg = Release|Any CPU
		{36C18611-D925-45A2-83B8-AE98EC89E74B}.tekove|Any CPU.Build.0 = Release|Any CPU
		{09B5850A-2703-4E69-9EEA-225D55A652AC}.Debug|Any CPU.ActiveCfg = Debug|Any CPU
		{09B5850A-2703-4E69-9EEA-225D55A652AC}.Debug|Any CPU.Build.0 = Debug|Any CPU
		{09B5850A-2703-4E69-9EEA-225D55A652AC}.Release|Any CPU.ActiveCfg = Release|Any CPU
		{09B5850A-2703-4E69-9EEA-225D55A652AC}.Release|Any CPU.Build.0 = Release|Any CPU
		{09B5850A-2703-4E69-9EEA-225D55A652AC}.tekove|Any CPU.ActiveCfg = Release|Any CPU
		{09B5850A-2703-4E69-9EEA-225D55A652AC}.tekove|Any CPU.Build.0 = Release|Any CPU
		{492B8264-0C10-4AFE-A15F-8A82E60ADE68}.Debug|Any CPU.ActiveCfg = Debug|Any CPU
		{492B8264-0C10-4AFE-A15F-8A82E60ADE68}.Debug|Any CPU.Build.0 = Debug|Any CPU
		{492B8264-0C10-4AFE-A15F-8A82E60ADE68}.Release|Any CPU.ActiveCfg = Release|Any CPU
		{492B8264-0C10-4AFE-A15F-8A82E60ADE68}.Release|Any CPU.Build.0 = Release|Any CPU
		{492B8264-0C10-4AFE-A15F-8A82E60ADE68}.tekove|Any CPU.ActiveCfg = tekove|Any CPU
		{492B8264-0C10-4AFE-A15F-8A82E60ADE68}.tekove|Any CPU.Build.0 = tekove|Any CPU
		{EC452900-1B92-4E17-833B-6FE4285C37F5}.Debug|Any CPU.ActiveCfg = Debug|Any CPU
		{EC452900-1B92-4E17-833B-6FE4285C37F5}.Debug|Any CPU.Build.0 = Debug|Any CPU
		{EC452900-1B92-4E17-833B-6FE4285C37F5}.Release|Any CPU.ActiveCfg = Release|Any CPU
		{EC452900-1B92-4E17-833B-6FE4285C37F5}.Release|Any CPU.Build.0 = Release|Any CPU
		{EC452900-1B92-4E17-833B-6FE4285C37F5}.tekove|Any CPU.ActiveCfg = Release|Any CPU
		{EC452900-1B92-4E17-833B-6FE4285C37F5}.tekove|Any CPU.Build.0 = Release|Any CPU
		{FFD31016-B795-4D15-90BB-59C09D02CE95}.Debug|Any CPU.ActiveCfg = Debug|Any CPU
		{FFD31016-B795-4D15-90BB-59C09D02CE95}.Debug|Any CPU.Build.0 = Debug|Any CPU
		{FFD31016-B795-4D15-90BB-59C09D02CE95}.Release|Any CPU.ActiveCfg = Release|Any CPU
		{FFD31016-B795-4D15-90BB-59C09D02CE95}.Release|Any CPU.Build.0 = Release|Any CPU
		{FFD31016-B795-4D15-90BB-59C09D02CE95}.tekove|Any CPU.ActiveCfg = Release|Any CPU
		{FFD31016-B795-4D15-90BB-59C09D02CE95}.tekove|Any CPU.Build.0 = Release|Any CPU
		{9F222811-5858-42ED-958F-96C228D67808}.Debug|Any CPU.ActiveCfg = Debug|Any CPU
		{9F222811-5858-42ED-958F-96C228D67808}.Debug|Any CPU.Build.0 = Debug|Any CPU
		{9F222811-5858-42ED-958F-96C228D67808}.Release|Any CPU.ActiveCfg = Release|Any CPU
		{9F222811-5858-42ED-958F-96C228D67808}.Release|Any CPU.Build.0 = Release|Any CPU
		{9F222811-5858-42ED-958F-96C228D67808}.tekove|Any CPU.ActiveCfg = tekove|Any CPU
		{9F222811-5858-42ED-958F-96C228D67808}.tekove|Any CPU.Build.0 = tekove|Any CPU
		{E764FE19-BDC2-4D35-9A83-F29FBA4B61B2}.Debug|Any CPU.ActiveCfg = Debug|Any CPU
		{E764FE19-BDC2-4D35-9A83-F29FBA4B61B2}.Debug|Any CPU.Build.0 = Debug|Any CPU
		{E764FE19-BDC2-4D35-9A83-F29FBA4B61B2}.Release|Any CPU.ActiveCfg = Release|Any CPU
		{E764FE19-BDC2-4D35-9A83-F29FBA4B61B2}.Release|Any CPU.Build.0 = Release|Any CPU
		{E764FE19-BDC2-4D35-9A83-F29FBA4B61B2}.tekove|Any CPU.ActiveCfg = tekove|Any CPU
		{E764FE19-BDC2-4D35-9A83-F29FBA4B61B2}.tekove|Any CPU.Build.0 = tekove|Any CPU
		{CB41F702-99FB-49AE-8BC0-1B7F0193EFAB}.Debug|Any CPU.ActiveCfg = Debug|Any CPU
		{CB41F702-99FB-49AE-8BC0-1B7F0193EFAB}.Debug|Any CPU.Build.0 = Debug|Any CPU
		{CB41F702-99FB-49AE-8BC0-1B7F0193EFAB}.Release|Any CPU.ActiveCfg = Release|Any CPU
		{CB41F702-99FB-49AE-8BC0-1B7F0193EFAB}.Release|Any CPU.Build.0 = Release|Any CPU
		{CB41F702-99FB-49AE-8BC0-1B7F0193EFAB}.tekove|Any CPU.ActiveCfg = tekove|Any CPU
		{CB41F702-99FB-49AE-8BC0-1B7F0193EFAB}.tekove|Any CPU.Build.0 = tekove|Any CPU
		{20259EAA-C937-4BF2-913A-F4531796FE5B}.Debug|Any CPU.ActiveCfg = Debug|Any CPU
		{20259EAA-C937-4BF2-913A-F4531796FE5B}.Debug|Any CPU.Build.0 = Debug|Any CPU
		{20259EAA-C937-4BF2-913A-F4531796FE5B}.Release|Any CPU.ActiveCfg = Release|Any CPU
		{20259EAA-C937-4BF2-913A-F4531796FE5B}.Release|Any CPU.Build.0 = Release|Any CPU
		{20259EAA-C937-4BF2-913A-F4531796FE5B}.tekove|Any CPU.ActiveCfg = tekove|Any CPU
		{20259EAA-C937-4BF2-913A-F4531796FE5B}.tekove|Any CPU.Build.0 = tekove|Any CPU
		{E44BA08C-9EDB-452D-81F8-5673C05F1DBE}.Debug|Any CPU.ActiveCfg = Debug|Any CPU
		{E44BA08C-9EDB-452D-81F8-5673C05F1DBE}.Debug|Any CPU.Build.0 = Debug|Any CPU
		{E44BA08C-9EDB-452D-81F8-5673C05F1DBE}.Release|Any CPU.ActiveCfg = Release|Any CPU
		{E44BA08C-9EDB-452D-81F8-5673C05F1DBE}.Release|Any CPU.Build.0 = Release|Any CPU
		{E44BA08C-9EDB-452D-81F8-5673C05F1DBE}.tekove|Any CPU.ActiveCfg = Release|Any CPU
		{E44BA08C-9EDB-452D-81F8-5673C05F1DBE}.tekove|Any CPU.Build.0 = Release|Any CPU
		{8BA0D1A1-94CB-46A6-892E-41E8AB2599D2}.Debug|Any CPU.ActiveCfg = Debug|Any CPU
		{8BA0D1A1-94CB-46A6-892E-41E8AB2599D2}.Debug|Any CPU.Build.0 = Debug|Any CPU
		{8BA0D1A1-94CB-46A6-892E-41E8AB2599D2}.Release|Any CPU.ActiveCfg = Release|Any CPU
		{8BA0D1A1-94CB-46A6-892E-41E8AB2599D2}.Release|Any CPU.Build.0 = Release|Any CPU
		{8BA0D1A1-94CB-46A6-892E-41E8AB2599D2}.tekove|Any CPU.ActiveCfg = Release|Any CPU
		{8BA0D1A1-94CB-46A6-892E-41E8AB2599D2}.tekove|Any CPU.Build.0 = Release|Any CPU
		{F98F1B54-2795-4D67-927F-D4C05B0D34F4}.Debug|Any CPU.ActiveCfg = Debug|Any CPU
		{F98F1B54-2795-4D67-927F-D4C05B0D34F4}.Debug|Any CPU.Build.0 = Debug|Any CPU
		{F98F1B54-2795-4D67-927F-D4C05B0D34F4}.Release|Any CPU.ActiveCfg = Release|Any CPU
		{F98F1B54-2795-4D67-927F-D4C05B0D34F4}.Release|Any CPU.Build.0 = Release|Any CPU
		{F98F1B54-2795-4D67-927F-D4C05B0D34F4}.tekove|Any CPU.ActiveCfg = Release|Any CPU
		{F98F1B54-2795-4D67-927F-D4C05B0D34F4}.tekove|Any CPU.Build.0 = Release|Any CPU
	EndGlobalSection
	GlobalSection(SolutionProperties) = preSolution
		HideSolutionNode = FALSE
	EndGlobalSection
	GlobalSection(NestedProjects) = preSolution
		{8D1C1FDF-6A6D-4354-AAED-CD35A57734AD} = {2550B49B-35FA-43CA-99AC-B6CE1AE406E9}
		{D99A9F23-DBBF-4A12-A9D7-A4B6380C9FA4} = {2550B49B-35FA-43CA-99AC-B6CE1AE406E9}
		{6BFFA4F1-929D-4838-B780-C999CE56EF38} = {37883D0F-AD27-47B9-84F3-9416BBC821EA}
		{112B6298-16DB-4E4F-BE61-0435A387F759} = {37883D0F-AD27-47B9-84F3-9416BBC821EA}
		{37F66CD2-C14C-4273-B4C2-09E434F63A7D} = {37883D0F-AD27-47B9-84F3-9416BBC821EA}
		{36C18611-D925-45A2-83B8-AE98EC89E74B} = {37883D0F-AD27-47B9-84F3-9416BBC821EA}
		{492B8264-0C10-4AFE-A15F-8A82E60ADE68} = {94F2721F-96CB-4F7B-BCD7-B8B7605FC441}
		{EC452900-1B92-4E17-833B-6FE4285C37F5} = {94F2721F-96CB-4F7B-BCD7-B8B7605FC441}
		{9F222811-5858-42ED-958F-96C228D67808} = {94F2721F-96CB-4F7B-BCD7-B8B7605FC441}
		{E764FE19-BDC2-4D35-9A83-F29FBA4B61B2} = {94F2721F-96CB-4F7B-BCD7-B8B7605FC441}
		{CB41F702-99FB-49AE-8BC0-1B7F0193EFAB} = {94F2721F-96CB-4F7B-BCD7-B8B7605FC441}
		{20259EAA-C937-4BF2-913A-F4531796FE5B} = {94F2721F-96CB-4F7B-BCD7-B8B7605FC441}
		{E44BA08C-9EDB-452D-81F8-5673C05F1DBE} = {37883D0F-AD27-47B9-84F3-9416BBC821EA}
		{F98F1B54-2795-4D67-927F-D4C05B0D34F4} = {94F2721F-96CB-4F7B-BCD7-B8B7605FC441}
	EndGlobalSection
EndGlobal
