
Microsoft Visual Studio Solution File, Format Version 12.00
# Visual Studio 2013
VisualStudioVersion = 12.0.40629.0
MinimumVisualStudioVersion = 10.0.40219.1
Project("{2150E333-8FDC-42A3-9474-1A3956D46DE8}") = "Data", "Data", "{04EDFCCC-E721-43BB-BA54-CE985478E21B}"
EndProject
Project("{FAE04EC0-301F-11D3-BF4B-00C04F79EFBC}") = "Avicola.Data.Common", "Avicola.Data.Common\Avicola.Data.Common.csproj", "{8D1C1FDF-6A6D-4354-AAED-CD35A57734AD}"
EndProject
Project("{2150E333-8FDC-42A3-9474-1A3956D46DE8}") = "Framework", "Framework", "{FD40B3D3-3524-4B78-8519-BB882CE6297E}"
EndProject
Project("{FAE04EC0-301F-11D3-BF4B-00C04F79EFBC}") = "Framework.Common.Web", "Framework\Framework.Common.Web\Framework.Common.Web.csproj", "{B9B5DCD6-1E1E-4B47-AF04-FCB2EFBE04E1}"
EndProject
Project("{FAE04EC0-301F-11D3-BF4B-00C04F79EFBC}") = "Framework.Data", "Framework\Framework.Data\Framework.Data.csproj", "{CB41F702-99FB-49AE-8BC0-1B7F0193EFAB}"
EndProject
Project("{FAE04EC0-301F-11D3-BF4B-00C04F79EFBC}") = "Framework.Data.EntityFramework", "Framework\Framework.Data.EntityFramework\Framework.Data.EntityFramework.csproj", "{20259EAA-C937-4BF2-913A-F4531796FE5B}"
EndProject
Project("{FAE04EC0-301F-11D3-BF4B-00C04F79EFBC}") = "Framework.Ioc", "Framework\Framework.Ioc\Framework.Ioc.csproj", "{9F222811-5858-42ED-958F-96C228D67808}"
EndProject
Project("{FAE04EC0-301F-11D3-BF4B-00C04F79EFBC}") = "Framework.Ioc.Ninject", "Framework\Framework.Ioc.Ninject\Framework.Ioc.Ninject.csproj", "{E764FE19-BDC2-4D35-9A83-F29FBA4B61B2}"
EndProject
Project("{FAE04EC0-301F-11D3-BF4B-00C04F79EFBC}") = "Framework.Logging", "Framework\Framework.Logging\Framework.Logging.csproj", "{F307CEE1-72C8-491F-8867-0F3EBE3F7DBF}"
EndProject
Project("{FAE04EC0-301F-11D3-BF4B-00C04F79EFBC}") = "Framework.Logging.Log4Net", "Framework\Framework.Logging.Log4Net\Framework.Logging.Log4Net.csproj", "{A7BED685-D711-4227-84B4-FEEC8EDF460C}"
EndProject
Project("{FAE04EC0-301F-11D3-BF4B-00C04F79EFBC}") = "Framework.Security", "Framework\Framework.Security\Framework.Security.csproj", "{C3282245-96C8-4C3B-BBD1-59D581BD3F97}"
EndProject
Project("{2150E333-8FDC-42A3-9474-1A3956D46DE8}") = ".nuget", ".nuget", "{04A51F8A-9B42-4BC5-9E5E-918D50FEEDC9}"
	ProjectSection(SolutionItems) = preProject
		.nuget\NuGet.Config = .nuget\NuGet.Config
		.nuget\NuGet.exe = .nuget\NuGet.exe
		.nuget\NuGet.targets = .nuget\NuGet.targets
	EndProjectSection
EndProject
Project("{FAE04EC0-301F-11D3-BF4B-00C04F79EFBC}") = "Framework.Common", "Framework\Framework.Common\Framework.Common.csproj", "{492B8264-0C10-4AFE-A15F-8A82E60ADE68}"
EndProject
Project("{FAE04EC0-301F-11D3-BF4B-00C04F79EFBC}") = "Avicola.Sales.Entities", "Avicola.Sales.Entities\Avicola.Sales.Entities.csproj", "{8C6CDBD9-F5DE-4FE9-B7C5-178967C2B5AB}"
EndProject
Project("{FAE04EC0-301F-11D3-BF4B-00C04F79EFBC}") = "Avicola.Sales.Data", "Avicola.Sales.Data\Avicola.Sales.Data.csproj", "{655A731F-8412-4AD3-9BF3-9081A7C05DF9}"
EndProject
Project("{2150E333-8FDC-42A3-9474-1A3956D46DE8}") = "Sales", "Sales", "{17209593-382C-41A4-8BAC-7BD5149C77F7}"
EndProject
Project("{FAE04EC0-301F-11D3-BF4B-00C04F79EFBC}") = "Avicola.Services.Common", "Avicola.Services.Common\Avicola.Services.Common.csproj", "{D99A9F23-DBBF-4A12-A9D7-A4B6380C9FA4}"
EndProject
Project("{FAE04EC0-301F-11D3-BF4B-00C04F79EFBC}") = "Avicola.Sales.Services", "Avicola.Sales.Services\Avicola.Sales.Services.csproj", "{B72272A4-AB34-4F49-BFBC-75C0C600B120}"
EndProject
Project("{FAE04EC0-301F-11D3-BF4B-00C04F79EFBC}") = "Avicola.Reports", "Avicola.Reports\Avicola.Reports.csproj", "{4BE11C27-FB2E-46F9-8FAC-59C559448E6F}"
EndProject
Project("{FAE04EC0-301F-11D3-BF4B-00C04F79EFBC}") = "Avicola.Common.Win", "Avicola.Common.Win\Avicola.Common.Win.csproj", "{FFD31016-B795-4D15-90BB-59C09D02CE95}"
EndProject
Project("{FAE04EC0-301F-11D3-BF4B-00C04F79EFBC}") = "Framework.Common.Win", "Framework\Framework.Common.Win\Framework.Common.Win.csproj", "{EC452900-1B92-4E17-833B-6FE4285C37F5}"
EndProject
Project("{FAE04EC0-301F-11D3-BF4B-00C04F79EFBC}") = "Framework.Sync", "Framework\Framework.Sync\Framework.Sync.csproj", "{F98F1B54-2795-4D67-927F-D4C05B0D34F4}"
EndProject
Project("{FAE04EC0-301F-11D3-BF4B-00C04F79EFBC}") = "Avicola.Sales.Win", "Avicola.Sales.Win\Avicola.Sales.Win.csproj", "{127ED51A-90CA-43F6-8A9A-9F74E178E07C}"
EndProject
Project("{00D1A9C2-B5F0-4AF3-8072-F6C62B433612}") = "Avicola.Database", "Avicola.Database\Avicola.Database.sqlproj", "{042EBD7D-62B1-4C27-AC60-2FF9C25D7B33}"
EndProject
Global
	GlobalSection(SolutionConfigurationPlatforms) = preSolution
		Debug|Any CPU = Debug|Any CPU
		Release|Any CPU = Release|Any CPU
		tekove|Any CPU = tekove|Any CPU
	EndGlobalSection
	GlobalSection(ProjectConfigurationPlatforms) = postSolution
		{8D1C1FDF-6A6D-4354-AAED-CD35A57734AD}.Debug|Any CPU.ActiveCfg = Debug|Any CPU
		{8D1C1FDF-6A6D-4354-AAED-CD35A57734AD}.Debug|Any CPU.Build.0 = Debug|Any CPU
		{8D1C1FDF-6A6D-4354-AAED-CD35A57734AD}.Release|Any CPU.ActiveCfg = Release|Any CPU
		{8D1C1FDF-6A6D-4354-AAED-CD35A57734AD}.Release|Any CPU.Build.0 = Release|Any CPU
		{8D1C1FDF-6A6D-4354-AAED-CD35A57734AD}.tekove|Any CPU.ActiveCfg = Release|Any CPU
		{8D1C1FDF-6A6D-4354-AAED-CD35A57734AD}.tekove|Any CPU.Build.0 = Release|Any CPU
		{B9B5DCD6-1E1E-4B47-AF04-FCB2EFBE04E1}.Debug|Any CPU.ActiveCfg = Debug|Any CPU
		{B9B5DCD6-1E1E-4B47-AF04-FCB2EFBE04E1}.Debug|Any CPU.Build.0 = Debug|Any CPU
		{B9B5DCD6-1E1E-4B47-AF04-FCB2EFBE04E1}.Release|Any CPU.ActiveCfg = Release|Any CPU
		{B9B5DCD6-1E1E-4B47-AF04-FCB2EFBE04E1}.Release|Any CPU.Build.0 = Release|Any CPU
		{B9B5DCD6-1E1E-4B47-AF04-FCB2EFBE04E1}.tekove|Any CPU.ActiveCfg = tekove|Any CPU
		{B9B5DCD6-1E1E-4B47-AF04-FCB2EFBE04E1}.tekove|Any CPU.Build.0 = tekove|Any CPU
		{CB41F702-99FB-49AE-8BC0-1B7F0193EFAB}.Debug|Any CPU.ActiveCfg = Debug|Any CPU
		{CB41F702-99FB-49AE-8BC0-1B7F0193EFAB}.Debug|Any CPU.Build.0 = Debug|Any CPU
		{CB41F702-99FB-49AE-8BC0-1B7F0193EFAB}.Release|Any CPU.ActiveCfg = Release|Any CPU
		{CB41F702-99FB-49AE-8BC0-1B7F0193EFAB}.Release|Any CPU.Build.0 = Release|Any CPU
		{CB41F702-99FB-49AE-8BC0-1B7F0193EFAB}.tekove|Any CPU.ActiveCfg = tekove|Any CPU
		{CB41F702-99FB-49AE-8BC0-1B7F0193EFAB}.tekove|Any CPU.Build.0 = tekove|Any CPU
		{20259EAA-C937-4BF2-913A-F4531796FE5B}.Debug|Any CPU.ActiveCfg = Debug|Any CPU
		{20259EAA-C937-4BF2-913A-F4531796FE5B}.Debug|Any CPU.Build.0 = Debug|Any CPU
		{20259EAA-C937-4BF2-913A-F4531796FE5B}.Release|Any CPU.ActiveCfg = Release|Any CPU
		{20259EAA-C937-4BF2-913A-F4531796FE5B}.Release|Any CPU.Build.0 = Release|Any CPU
		{20259EAA-C937-4BF2-913A-F4531796FE5B}.tekove|Any CPU.ActiveCfg = tekove|Any CPU
		{20259EAA-C937-4BF2-913A-F4531796FE5B}.tekove|Any CPU.Build.0 = tekove|Any CPU
		{9F222811-5858-42ED-958F-96C228D67808}.Debug|Any CPU.ActiveCfg = Debug|Any CPU
		{9F222811-5858-42ED-958F-96C228D67808}.Debug|Any CPU.Build.0 = Debug|Any CPU
		{9F222811-5858-42ED-958F-96C228D67808}.Release|Any CPU.ActiveCfg = Release|Any CPU
		{9F222811-5858-42ED-958F-96C228D67808}.Release|Any CPU.Build.0 = Release|Any CPU
		{9F222811-5858-42ED-958F-96C228D67808}.tekove|Any CPU.ActiveCfg = tekove|Any CPU
		{9F222811-5858-42ED-958F-96C228D67808}.tekove|Any CPU.Build.0 = tekove|Any CPU
		{E764FE19-BDC2-4D35-9A83-F29FBA4B61B2}.Debug|Any CPU.ActiveCfg = Debug|Any CPU
		{E764FE19-BDC2-4D35-9A83-F29FBA4B61B2}.Debug|Any CPU.Build.0 = Debug|Any CPU
		{E764FE19-BDC2-4D35-9A83-F29FBA4B61B2}.Release|Any CPU.ActiveCfg = Release|Any CPU
		{E764FE19-BDC2-4D35-9A83-F29FBA4B61B2}.Release|Any CPU.Build.0 = Release|Any CPU
		{E764FE19-BDC2-4D35-9A83-F29FBA4B61B2}.tekove|Any CPU.ActiveCfg = tekove|Any CPU
		{E764FE19-BDC2-4D35-9A83-F29FBA4B61B2}.tekove|Any CPU.Build.0 = tekove|Any CPU
		{F307CEE1-72C8-491F-8867-0F3EBE3F7DBF}.Debug|Any CPU.ActiveCfg = Debug|Any CPU
		{F307CEE1-72C8-491F-8867-0F3EBE3F7DBF}.Debug|Any CPU.Build.0 = Debug|Any CPU
		{F307CEE1-72C8-491F-8867-0F3EBE3F7DBF}.Release|Any CPU.ActiveCfg = Release|Any CPU
		{F307CEE1-72C8-491F-8867-0F3EBE3F7DBF}.Release|Any CPU.Build.0 = Release|Any CPU
		{F307CEE1-72C8-491F-8867-0F3EBE3F7DBF}.tekove|Any CPU.ActiveCfg = tekove|Any CPU
		{F307CEE1-72C8-491F-8867-0F3EBE3F7DBF}.tekove|Any CPU.Build.0 = tekove|Any CPU
		{A7BED685-D711-4227-84B4-FEEC8EDF460C}.Debug|Any CPU.ActiveCfg = Debug|Any CPU
		{A7BED685-D711-4227-84B4-FEEC8EDF460C}.Debug|Any CPU.Build.0 = Debug|Any CPU
		{A7BED685-D711-4227-84B4-FEEC8EDF460C}.Release|Any CPU.ActiveCfg = Release|Any CPU
		{A7BED685-D711-4227-84B4-FEEC8EDF460C}.Release|Any CPU.Build.0 = Release|Any CPU
		{A7BED685-D711-4227-84B4-FEEC8EDF460C}.tekove|Any CPU.ActiveCfg = tekove|Any CPU
		{A7BED685-D711-4227-84B4-FEEC8EDF460C}.tekove|Any CPU.Build.0 = tekove|Any CPU
		{C3282245-96C8-4C3B-BBD1-59D581BD3F97}.Debug|Any CPU.ActiveCfg = Debug|Any CPU
		{C3282245-96C8-4C3B-BBD1-59D581BD3F97}.Debug|Any CPU.Build.0 = Debug|Any CPU
		{C3282245-96C8-4C3B-BBD1-59D581BD3F97}.Release|Any CPU.ActiveCfg = Release|Any CPU
		{C3282245-96C8-4C3B-BBD1-59D581BD3F97}.Release|Any CPU.Build.0 = Release|Any CPU
		{C3282245-96C8-4C3B-BBD1-59D581BD3F97}.tekove|Any CPU.ActiveCfg = tekove|Any CPU
		{C3282245-96C8-4C3B-BBD1-59D581BD3F97}.tekove|Any CPU.Build.0 = tekove|Any CPU
		{492B8264-0C10-4AFE-A15F-8A82E60ADE68}.Debug|Any CPU.ActiveCfg = Debug|Any CPU
		{492B8264-0C10-4AFE-A15F-8A82E60ADE68}.Debug|Any CPU.Build.0 = Debug|Any CPU
		{492B8264-0C10-4AFE-A15F-8A82E60ADE68}.Release|Any CPU.ActiveCfg = Release|Any CPU
		{492B8264-0C10-4AFE-A15F-8A82E60ADE68}.Release|Any CPU.Build.0 = Release|Any CPU
		{492B8264-0C10-4AFE-A15F-8A82E60ADE68}.tekove|Any CPU.ActiveCfg = tekove|Any CPU
		{492B8264-0C10-4AFE-A15F-8A82E60ADE68}.tekove|Any CPU.Build.0 = tekove|Any CPU
		{8C6CDBD9-F5DE-4FE9-B7C5-178967C2B5AB}.Debug|Any CPU.ActiveCfg = Debug|Any CPU
		{8C6CDBD9-F5DE-4FE9-B7C5-178967C2B5AB}.Debug|Any CPU.Build.0 = Debug|Any CPU
		{8C6CDBD9-F5DE-4FE9-B7C5-178967C2B5AB}.Release|Any CPU.ActiveCfg = Release|Any CPU
		{8C6CDBD9-F5DE-4FE9-B7C5-178967C2B5AB}.Release|Any CPU.Build.0 = Release|Any CPU
		{8C6CDBD9-F5DE-4FE9-B7C5-178967C2B5AB}.tekove|Any CPU.ActiveCfg = Release|Any CPU
		{8C6CDBD9-F5DE-4FE9-B7C5-178967C2B5AB}.tekove|Any CPU.Build.0 = Release|Any CPU
		{655A731F-8412-4AD3-9BF3-9081A7C05DF9}.Debug|Any CPU.ActiveCfg = Debug|Any CPU
		{655A731F-8412-4AD3-9BF3-9081A7C05DF9}.Debug|Any CPU.Build.0 = Debug|Any CPU
		{655A731F-8412-4AD3-9BF3-9081A7C05DF9}.Release|Any CPU.ActiveCfg = Release|Any CPU
		{655A731F-8412-4AD3-9BF3-9081A7C05DF9}.Release|Any CPU.Build.0 = Release|Any CPU
		{655A731F-8412-4AD3-9BF3-9081A7C05DF9}.tekove|Any CPU.ActiveCfg = Release|Any CPU
		{655A731F-8412-4AD3-9BF3-9081A7C05DF9}.tekove|Any CPU.Build.0 = Release|Any CPU
		{D99A9F23-DBBF-4A12-A9D7-A4B6380C9FA4}.Debug|Any CPU.ActiveCfg = Debug|Any CPU
		{D99A9F23-DBBF-4A12-A9D7-A4B6380C9FA4}.Debug|Any CPU.Build.0 = Debug|Any CPU
		{D99A9F23-DBBF-4A12-A9D7-A4B6380C9FA4}.Release|Any CPU.ActiveCfg = Release|Any CPU
		{D99A9F23-DBBF-4A12-A9D7-A4B6380C9FA4}.Release|Any CPU.Build.0 = Release|Any CPU
		{D99A9F23-DBBF-4A12-A9D7-A4B6380C9FA4}.tekove|Any CPU.ActiveCfg = Release|Any CPU
		{D99A9F23-DBBF-4A12-A9D7-A4B6380C9FA4}.tekove|Any CPU.Build.0 = Release|Any CPU
		{B72272A4-AB34-4F49-BFBC-75C0C600B120}.Debug|Any CPU.ActiveCfg = Debug|Any CPU
		{B72272A4-AB34-4F49-BFBC-75C0C600B120}.Debug|Any CPU.Build.0 = Debug|Any CPU
		{B72272A4-AB34-4F49-BFBC-75C0C600B120}.Release|Any CPU.ActiveCfg = Release|Any CPU
		{B72272A4-AB34-4F49-BFBC-75C0C600B120}.Release|Any CPU.Build.0 = Release|Any CPU
		{B72272A4-AB34-4F49-BFBC-75C0C600B120}.tekove|Any CPU.ActiveCfg = Release|Any CPU
		{B72272A4-AB34-4F49-BFBC-75C0C600B120}.tekove|Any CPU.Build.0 = Release|Any CPU
		{4BE11C27-FB2E-46F9-8FAC-59C559448E6F}.Debug|Any CPU.ActiveCfg = Debug|Any CPU
		{4BE11C27-FB2E-46F9-8FAC-59C559448E6F}.Debug|Any CPU.Build.0 = Debug|Any CPU
		{4BE11C27-FB2E-46F9-8FAC-59C559448E6F}.Release|Any CPU.ActiveCfg = Release|Any CPU
		{4BE11C27-FB2E-46F9-8FAC-59C559448E6F}.Release|Any CPU.Build.0 = Release|Any CPU
		{4BE11C27-FB2E-46F9-8FAC-59C559448E6F}.tekove|Any CPU.ActiveCfg = Release|Any CPU
		{4BE11C27-FB2E-46F9-8FAC-59C559448E6F}.tekove|Any CPU.Build.0 = Release|Any CPU
		{FFD31016-B795-4D15-90BB-59C09D02CE95}.Debug|Any CPU.ActiveCfg = Debug|Any CPU
		{FFD31016-B795-4D15-90BB-59C09D02CE95}.Debug|Any CPU.Build.0 = Debug|Any CPU
		{FFD31016-B795-4D15-90BB-59C09D02CE95}.Release|Any CPU.ActiveCfg = Release|Any CPU
		{FFD31016-B795-4D15-90BB-59C09D02CE95}.Release|Any CPU.Build.0 = Release|Any CPU
		{FFD31016-B795-4D15-90BB-59C09D02CE95}.tekove|Any CPU.ActiveCfg = Release|Any CPU
		{FFD31016-B795-4D15-90BB-59C09D02CE95}.tekove|Any CPU.Build.0 = Release|Any CPU
		{EC452900-1B92-4E17-833B-6FE4285C37F5}.Debug|Any CPU.ActiveCfg = Debug|Any CPU
		{EC452900-1B92-4E17-833B-6FE4285C37F5}.Debug|Any CPU.Build.0 = Debug|Any CPU
		{EC452900-1B92-4E17-833B-6FE4285C37F5}.Release|Any CPU.ActiveCfg = Release|Any CPU
		{EC452900-1B92-4E17-833B-6FE4285C37F5}.Release|Any CPU.Build.0 = Release|Any CPU
		{EC452900-1B92-4E17-833B-6FE4285C37F5}.tekove|Any CPU.ActiveCfg = Release|Any CPU
		{EC452900-1B92-4E17-833B-6FE4285C37F5}.tekove|Any CPU.Build.0 = Release|Any CPU
		{F98F1B54-2795-4D67-927F-D4C05B0D34F4}.Debug|Any CPU.ActiveCfg = Debug|Any CPU
		{F98F1B54-2795-4D67-927F-D4C05B0D34F4}.Debug|Any CPU.Build.0 = Debug|Any CPU
		{F98F1B54-2795-4D67-927F-D4C05B0D34F4}.Release|Any CPU.ActiveCfg = Release|Any CPU
		{F98F1B54-2795-4D67-927F-D4C05B0D34F4}.Release|Any CPU.Build.0 = Release|Any CPU
		{F98F1B54-2795-4D67-927F-D4C05B0D34F4}.tekove|Any CPU.ActiveCfg = Release|Any CPU
		{F98F1B54-2795-4D67-927F-D4C05B0D34F4}.tekove|Any CPU.Build.0 = Release|Any CPU
		{127ED51A-90CA-43F6-8A9A-9F74E178E07C}.Debug|Any CPU.ActiveCfg = Debug|Any CPU
		{127ED51A-90CA-43F6-8A9A-9F74E178E07C}.Debug|Any CPU.Build.0 = Debug|Any CPU
		{127ED51A-90CA-43F6-8A9A-9F74E178E07C}.Release|Any CPU.ActiveCfg = Release|Any CPU
		{127ED51A-90CA-43F6-8A9A-9F74E178E07C}.Release|Any CPU.Build.0 = Release|Any CPU
		{127ED51A-90CA-43F6-8A9A-9F74E178E07C}.tekove|Any CPU.ActiveCfg = Release|Any CPU
		{127ED51A-90CA-43F6-8A9A-9F74E178E07C}.tekove|Any CPU.Build.0 = Release|Any CPU
		{042EBD7D-62B1-4C27-AC60-2FF9C25D7B33}.Debug|Any CPU.ActiveCfg = Debug|Any CPU
		{042EBD7D-62B1-4C27-AC60-2FF9C25D7B33}.Debug|Any CPU.Build.0 = Debug|Any CPU
		{042EBD7D-62B1-4C27-AC60-2FF9C25D7B33}.Debug|Any CPU.Deploy.0 = Debug|Any CPU
		{042EBD7D-62B1-4C27-AC60-2FF9C25D7B33}.Release|Any CPU.ActiveCfg = Release|Any CPU
		{042EBD7D-62B1-4C27-AC60-2FF9C25D7B33}.Release|Any CPU.Build.0 = Release|Any CPU
		{042EBD7D-62B1-4C27-AC60-2FF9C25D7B33}.Release|Any CPU.Deploy.0 = Release|Any CPU
		{042EBD7D-62B1-4C27-AC60-2FF9C25D7B33}.tekove|Any CPU.ActiveCfg = Debug|Any CPU
		{042EBD7D-62B1-4C27-AC60-2FF9C25D7B33}.tekove|Any CPU.Build.0 = Debug|Any CPU
		{042EBD7D-62B1-4C27-AC60-2FF9C25D7B33}.tekove|Any CPU.Deploy.0 = Debug|Any CPU
	EndGlobalSection
	GlobalSection(SolutionProperties) = preSolution
		HideSolutionNode = FALSE
	EndGlobalSection
	GlobalSection(NestedProjects) = preSolution
		{8D1C1FDF-6A6D-4354-AAED-CD35A57734AD} = {04EDFCCC-E721-43BB-BA54-CE985478E21B}
		{B9B5DCD6-1E1E-4B47-AF04-FCB2EFBE04E1} = {FD40B3D3-3524-4B78-8519-BB882CE6297E}
		{CB41F702-99FB-49AE-8BC0-1B7F0193EFAB} = {FD40B3D3-3524-4B78-8519-BB882CE6297E}
		{20259EAA-C937-4BF2-913A-F4531796FE5B} = {FD40B3D3-3524-4B78-8519-BB882CE6297E}
		{9F222811-5858-42ED-958F-96C228D67808} = {FD40B3D3-3524-4B78-8519-BB882CE6297E}
		{E764FE19-BDC2-4D35-9A83-F29FBA4B61B2} = {FD40B3D3-3524-4B78-8519-BB882CE6297E}
		{F307CEE1-72C8-491F-8867-0F3EBE3F7DBF} = {FD40B3D3-3524-4B78-8519-BB882CE6297E}
		{A7BED685-D711-4227-84B4-FEEC8EDF460C} = {FD40B3D3-3524-4B78-8519-BB882CE6297E}
		{C3282245-96C8-4C3B-BBD1-59D581BD3F97} = {FD40B3D3-3524-4B78-8519-BB882CE6297E}
		{492B8264-0C10-4AFE-A15F-8A82E60ADE68} = {FD40B3D3-3524-4B78-8519-BB882CE6297E}
		{8C6CDBD9-F5DE-4FE9-B7C5-178967C2B5AB} = {17209593-382C-41A4-8BAC-7BD5149C77F7}
		{655A731F-8412-4AD3-9BF3-9081A7C05DF9} = {17209593-382C-41A4-8BAC-7BD5149C77F7}
		{D99A9F23-DBBF-4A12-A9D7-A4B6380C9FA4} = {04EDFCCC-E721-43BB-BA54-CE985478E21B}
		{B72272A4-AB34-4F49-BFBC-75C0C600B120} = {17209593-382C-41A4-8BAC-7BD5149C77F7}
		{EC452900-1B92-4E17-833B-6FE4285C37F5} = {FD40B3D3-3524-4B78-8519-BB882CE6297E}
		{F98F1B54-2795-4D67-927F-D4C05B0D34F4} = {FD40B3D3-3524-4B78-8519-BB882CE6297E}
		{042EBD7D-62B1-4C27-AC60-2FF9C25D7B33} = {04EDFCCC-E721-43BB-BA54-CE985478E21B}
	EndGlobalSection
EndGlobal
