
Microsoft Visual Studio Solution File, Format Version 12.00
# Visual Studio 2013
VisualStudioVersion = 12.0.31101.0
MinimumVisualStudioVersion = 10.0.40219.1
Project("{FAE04EC0-301F-11D3-BF4B-00C04F79EFBC}") = "Avicola.Web", "Avicola.Web\Avicola.Web.csproj", "{D7196523-A45A-470B-88A1-C6A207FD3BF8}"
EndProject
Project("{FAE04EC0-301F-11D3-BF4B-00C04F79EFBC}") = "Avicola.Sales.Win", "Avicola.Sales.Win\Avicola.Sales.Win.csproj", "{417C5260-E088-4CB8-BE01-C42DE91640D3}"
EndProject
Project("{FAE04EC0-301F-11D3-BF4B-00C04F79EFBC}") = "Avicola.Office.Win", "Avicola.Office.Win\Avicola.Office.Win.csproj", "{6C9DC708-F7F9-469A-AAA3-C626FC7AAB83}"
EndProject
Project("{FAE04EC0-301F-11D3-BF4B-00C04F79EFBC}") = "Avicola.Deposit.Win", "Avicola.Deposit.Win\Avicola.Deposit.Win.csproj", "{127ED51A-90CA-43F6-8A9A-9F74E178E07C}"
EndProject
Project("{FAE04EC0-301F-11D3-BF4B-00C04F79EFBC}") = "Avicola.Office.Dashboard.Web", "Avicola.Office.Dashboard.Web\Avicola.Office.Dashboard.Web.csproj", "{BDBC44B5-7E12-40D4-A218-89E642489CB7}"
EndProject
Project("{FAE04EC0-301F-11D3-BF4B-00C04F79EFBC}") = "Avicola.Deposit.Dashboard.Web", "Avicola.Deposit.Dashboard.Web\Avicola.Deposit.Dashboard.Web.csproj", "{6E2D731A-8EB8-40C6-8A5F-CD931FCBD7D3}"
EndProject
Project("{2150E333-8FDC-42A3-9474-1A3956D46DE8}") = "Data", "Data", "{04EDFCCC-E721-43BB-BA54-CE985478E21B}"
EndProject
Project("{00D1A9C2-B5F0-4AF3-8072-F6C62B433612}") = "Avicola.Office.Database", "Avicola.Office.Database\Avicola.Office.Database.sqlproj", "{112B6298-16DB-4E4F-BE61-0435A387F759}"
EndProject
Project("{00D1A9C2-B5F0-4AF3-8072-F6C62B433612}") = "Avicola.Sales.Database", "Avicola.Sales.Database\Avicola.Sales.Database.sqlproj", "{AADB21CE-BC0A-4CD1-A602-DC9133469891}"
EndProject
Global
	GlobalSection(SolutionConfigurationPlatforms) = preSolution
		Debug|Any CPU = Debug|Any CPU
		Release|Any CPU = Release|Any CPU
	EndGlobalSection
	GlobalSection(ProjectConfigurationPlatforms) = postSolution
		{D7196523-A45A-470B-88A1-C6A207FD3BF8}.Debug|Any CPU.ActiveCfg = Debug|Any CPU
		{D7196523-A45A-470B-88A1-C6A207FD3BF8}.Debug|Any CPU.Build.0 = Debug|Any CPU
		{D7196523-A45A-470B-88A1-C6A207FD3BF8}.Release|Any CPU.ActiveCfg = Release|Any CPU
		{D7196523-A45A-470B-88A1-C6A207FD3BF8}.Release|Any CPU.Build.0 = Release|Any CPU
		{417C5260-E088-4CB8-BE01-C42DE91640D3}.Debug|Any CPU.ActiveCfg = Debug|Any CPU
		{417C5260-E088-4CB8-BE01-C42DE91640D3}.Debug|Any CPU.Build.0 = Debug|Any CPU
		{417C5260-E088-4CB8-BE01-C42DE91640D3}.Release|Any CPU.ActiveCfg = Release|Any CPU
		{417C5260-E088-4CB8-BE01-C42DE91640D3}.Release|Any CPU.Build.0 = Release|Any CPU
		{6C9DC708-F7F9-469A-AAA3-C626FC7AAB83}.Debug|Any CPU.ActiveCfg = Debug|Any CPU
		{6C9DC708-F7F9-469A-AAA3-C626FC7AAB83}.Debug|Any CPU.Build.0 = Debug|Any CPU
		{6C9DC708-F7F9-469A-AAA3-C626FC7AAB83}.Release|Any CPU.ActiveCfg = Release|Any CPU
		{6C9DC708-F7F9-469A-AAA3-C626FC7AAB83}.Release|Any CPU.Build.0 = Release|Any CPU
		{127ED51A-90CA-43F6-8A9A-9F74E178E07C}.Debug|Any CPU.ActiveCfg = Debug|Any CPU
		{127ED51A-90CA-43F6-8A9A-9F74E178E07C}.Debug|Any CPU.Build.0 = Debug|Any CPU
		{127ED51A-90CA-43F6-8A9A-9F74E178E07C}.Release|Any CPU.ActiveCfg = Release|Any CPU
		{127ED51A-90CA-43F6-8A9A-9F74E178E07C}.Release|Any CPU.Build.0 = Release|Any CPU
		{BDBC44B5-7E12-40D4-A218-89E642489CB7}.Debug|Any CPU.ActiveCfg = Debug|Any CPU
		{BDBC44B5-7E12-40D4-A218-89E642489CB7}.Debug|Any CPU.Build.0 = Debug|Any CPU
		{BDBC44B5-7E12-40D4-A218-89E642489CB7}.Release|Any CPU.ActiveCfg = Release|Any CPU
		{BDBC44B5-7E12-40D4-A218-89E642489CB7}.Release|Any CPU.Build.0 = Release|Any CPU
		{6E2D731A-8EB8-40C6-8A5F-CD931FCBD7D3}.Debug|Any CPU.ActiveCfg = Debug|Any CPU
		{6E2D731A-8EB8-40C6-8A5F-CD931FCBD7D3}.Debug|Any CPU.Build.0 = Debug|Any CPU
		{6E2D731A-8EB8-40C6-8A5F-CD931FCBD7D3}.Release|Any CPU.ActiveCfg = Release|Any CPU
		{6E2D731A-8EB8-40C6-8A5F-CD931FCBD7D3}.Release|Any CPU.Build.0 = Release|Any CPU
		{112B6298-16DB-4E4F-BE61-0435A387F759}.Debug|Any CPU.ActiveCfg = Debug|Any CPU
		{112B6298-16DB-4E4F-BE61-0435A387F759}.Debug|Any CPU.Build.0 = Debug|Any CPU
		{112B6298-16DB-4E4F-BE61-0435A387F759}.Debug|Any CPU.Deploy.0 = Debug|Any CPU
		{112B6298-16DB-4E4F-BE61-0435A387F759}.Release|Any CPU.ActiveCfg = Release|Any CPU
		{112B6298-16DB-4E4F-BE61-0435A387F759}.Release|Any CPU.Build.0 = Release|Any CPU
		{112B6298-16DB-4E4F-BE61-0435A387F759}.Release|Any CPU.Deploy.0 = Release|Any CPU
		{AADB21CE-BC0A-4CD1-A602-DC9133469891}.Debug|Any CPU.ActiveCfg = Debug|Any CPU
		{AADB21CE-BC0A-4CD1-A602-DC9133469891}.Debug|Any CPU.Build.0 = Debug|Any CPU
		{AADB21CE-BC0A-4CD1-A602-DC9133469891}.Debug|Any CPU.Deploy.0 = Debug|Any CPU
		{AADB21CE-BC0A-4CD1-A602-DC9133469891}.Release|Any CPU.ActiveCfg = Release|Any CPU
		{AADB21CE-BC0A-4CD1-A602-DC9133469891}.Release|Any CPU.Build.0 = Release|Any CPU
		{AADB21CE-BC0A-4CD1-A602-DC9133469891}.Release|Any CPU.Deploy.0 = Release|Any CPU
	EndGlobalSection
	GlobalSection(SolutionProperties) = preSolution
		HideSolutionNode = FALSE
	EndGlobalSection
	GlobalSection(NestedProjects) = preSolution
		{112B6298-16DB-4E4F-BE61-0435A387F759} = {04EDFCCC-E721-43BB-BA54-CE985478E21B}
		{AADB21CE-BC0A-4CD1-A602-DC9133469891} = {04EDFCCC-E721-43BB-BA54-CE985478E21B}
	EndGlobalSection
EndGlobal
