
Microsoft Visual Studio Solution File, Format Version 12.00
# Visual Studio 2013
VisualStudioVersion = 12.0.40629.0
MinimumVisualStudioVersion = 10.0.40219.1
Project("{FAE04EC0-301F-11D3-BF4B-00C04F79EFBC}") = "Avicola.Web", "Avicola.Web\Avicola.Web.csproj", "{D7196523-A45A-470B-88A1-C6A207FD3BF8}"
EndProject
Project("{FAE04EC0-301F-11D3-BF4B-00C04F79EFBC}") = "Avicola.Sales.Win", "Avicola.Sales.Win\Avicola.Sales.Win.csproj", "{417C5260-E088-4CB8-BE01-C42DE91640D3}"
EndProject
Project("{FAE04EC0-301F-11D3-BF4B-00C04F79EFBC}") = "Avicola.Office.Win", "Avicola.Office.Win\Avicola.Office.Win.csproj", "{6C9DC708-F7F9-469A-AAA3-C626FC7AAB83}"
EndProject
Project("{FAE04EC0-301F-11D3-BF4B-00C04F79EFBC}") = "Avicola.Deposit.Win", "Avicola.Deposit.Win\Avicola.Deposit.Win.csproj", "{127ED51A-90CA-43F6-8A9A-9F74E178E07C}"
EndProject
Project("{FAE04EC0-301F-11D3-BF4B-00C04F79EFBC}") = "Avicola.Office.Dashboard.Web", "Avicola.Office.Dashboard.Web\Avicola.Office.Dashboard.Web.csproj", "{BDBC44B5-7E12-40D4-A218-89E642489CB7}"
EndProject
Project("{FAE04EC0-301F-11D3-BF4B-00C04F79EFBC}") = "Avicola.Deposit.Dashboard.Web", "Avicola.Deposit.Dashboard.Web\Avicola.Deposit.Dashboard.Web.csproj", "{6E2D731A-8EB8-40C6-8A5F-CD931FCBD7D3}"
EndProject
Project("{2150E333-8FDC-42A3-9474-1A3956D46DE8}") = "Data", "Data", "{04EDFCCC-E721-43BB-BA54-CE985478E21B}"
EndProject
Project("{FAE04EC0-301F-11D3-BF4B-00C04F79EFBC}") = "Avicola.Office.Data", "Avicola.Office.Data\Avicola.Office.Data.csproj", "{6BFFA4F1-929D-4838-B780-C999CE56EF38}"
EndProject
Project("{FAE04EC0-301F-11D3-BF4B-00C04F79EFBC}") = "Avicola.Data.Common", "Avicola.Data.Common\Avicola.Data.Common.csproj", "{8D1C1FDF-6A6D-4354-AAED-CD35A57734AD}"
EndProject
Project("{2150E333-8FDC-42A3-9474-1A3956D46DE8}") = "Framework", "Framework", "{FD40B3D3-3524-4B78-8519-BB882CE6297E}"
EndProject
Project("{FAE04EC0-301F-11D3-BF4B-00C04F79EFBC}") = "Framework.Common.Web", "Framework\Framework.Common.Web\Framework.Common.Web.csproj", "{B9B5DCD6-1E1E-4B47-AF04-FCB2EFBE04E1}"
EndProject
Project("{FAE04EC0-301F-11D3-BF4B-00C04F79EFBC}") = "Framework.Data", "Framework\Framework.Data\Framework.Data.csproj", "{CB41F702-99FB-49AE-8BC0-1B7F0193EFAB}"
EndProject
Project("{FAE04EC0-301F-11D3-BF4B-00C04F79EFBC}") = "Framework.Data.EntityFramework", "Framework\Framework.Data.EntityFramework\Framework.Data.EntityFramework.csproj", "{20259EAA-C937-4BF2-913A-F4531796FE5B}"
EndProject
Project("{FAE04EC0-301F-11D3-BF4B-00C04F79EFBC}") = "Framework.Ioc", "Framework\Framework.Ioc\Framework.Ioc.csproj", "{9F222811-5858-42ED-958F-96C228D67808}"
EndProject
Project("{FAE04EC0-301F-11D3-BF4B-00C04F79EFBC}") = "Framework.Ioc.Ninject", "Framework\Framework.Ioc.Ninject\Framework.Ioc.Ninject.csproj", "{E764FE19-BDC2-4D35-9A83-F29FBA4B61B2}"
EndProject
Project("{FAE04EC0-301F-11D3-BF4B-00C04F79EFBC}") = "Framework.Logging", "Framework\Framework.Logging\Framework.Logging.csproj", "{F307CEE1-72C8-491F-8867-0F3EBE3F7DBF}"
EndProject
Project("{FAE04EC0-301F-11D3-BF4B-00C04F79EFBC}") = "Framework.Logging.Log4Net", "Framework\Framework.Logging.Log4Net\Framework.Logging.Log4Net.csproj", "{A7BED685-D711-4227-84B4-FEEC8EDF460C}"
EndProject
Project("{FAE04EC0-301F-11D3-BF4B-00C04F79EFBC}") = "Framework.Security", "Framework\Framework.Security\Framework.Security.csproj", "{C3282245-96C8-4C3B-BBD1-59D581BD3F97}"
EndProject
Project("{2150E333-8FDC-42A3-9474-1A3956D46DE8}") = ".nuget", ".nuget", "{04A51F8A-9B42-4BC5-9E5E-918D50FEEDC9}"
	ProjectSection(SolutionItems) = preProject
		.nuget\NuGet.Config = .nuget\NuGet.Config
		.nuget\NuGet.exe = .nuget\NuGet.exe
		.nuget\NuGet.targets = .nuget\NuGet.targets
	EndProjectSection
EndProject
Project("{FAE04EC0-301F-11D3-BF4B-00C04F79EFBC}") = "Framework.Common", "Framework\Framework.Common\Framework.Common.csproj", "{492B8264-0C10-4AFE-A15F-8A82E60ADE68}"
EndProject
Project("{FAE04EC0-301F-11D3-BF4B-00C04F79EFBC}") = "Avicola.Office.Entities", "Avicola.Office.Entities\Avicola.Office.Entities.csproj", "{37F66CD2-C14C-4273-B4C2-09E434F63A7D}"
EndProject
Project("{FAE04EC0-301F-11D3-BF4B-00C04F79EFBC}") = "Avicola.Sales.Entities", "Avicola.Sales.Entities\Avicola.Sales.Entities.csproj", "{8C6CDBD9-F5DE-4FE9-B7C5-178967C2B5AB}"
EndProject
Project("{FAE04EC0-301F-11D3-BF4B-00C04F79EFBC}") = "Avicola.Sales.Data", "Avicola.Sales.Data\Avicola.Sales.Data.csproj", "{655A731F-8412-4AD3-9BF3-9081A7C05DF9}"
EndProject
Project("{2150E333-8FDC-42A3-9474-1A3956D46DE8}") = "Office", "Office", "{9109814F-EB52-4347-95CC-7981D37BFEB3}"
EndProject
Project("{2150E333-8FDC-42A3-9474-1A3956D46DE8}") = "Sales", "Sales", "{17209593-382C-41A4-8BAC-7BD5149C77F7}"
EndProject
Project("{2150E333-8FDC-42A3-9474-1A3956D46DE8}") = "Presentation", "Presentation", "{733D718D-2013-48CF-AC8A-D59B4546EFDF}"
EndProject
Project("{FAE04EC0-301F-11D3-BF4B-00C04F79EFBC}") = "Avicola.Office.Services", "Avicola.Office.Services\Avicola.Office.Services.csproj", "{36C18611-D925-45A2-83B8-AE98EC89E74B}"
EndProject
Project("{FAE04EC0-301F-11D3-BF4B-00C04F79EFBC}") = "Avicola.Services.Common", "Avicola.Services.Common\Avicola.Services.Common.csproj", "{D99A9F23-DBBF-4A12-A9D7-A4B6380C9FA4}"
EndProject
Project("{FAE04EC0-301F-11D3-BF4B-00C04F79EFBC}") = "Avicola.Sales.Services", "Avicola.Sales.Services\Avicola.Sales.Services.csproj", "{B72272A4-AB34-4F49-BFBC-75C0C600B120}"
EndProject
Project("{2150E333-8FDC-42A3-9474-1A3956D46DE8}") = "Sync", "Sync", "{0AFC19EE-71FE-4A4D-9BD7-98DAC85D0B33}"
EndProject
Project("{FAE04EC0-301F-11D3-BF4B-00C04F79EFBC}") = "De.Provision.Databases", "De.Provision.Databases\De.Provision.Databases.csproj", "{4D90EDB4-42B0-4396-8DAE-74342DF9C959}"
EndProject
Project("{FAE04EC0-301F-11D3-BF4B-00C04F79EFBC}") = "Framework.Sync", "Framework\Framework.Sync\Framework.Sync.csproj", "{F98F1B54-2795-4D67-927F-D4C05B0D34F4}"
EndProject
Global
	GlobalSection(SolutionConfigurationPlatforms) = preSolution
		Debug|Any CPU = Debug|Any CPU
		Release|Any CPU = Release|Any CPU
		tekove|Any CPU = tekove|Any CPU
	EndGlobalSection
	GlobalSection(ProjectConfigurationPlatforms) = postSolution
		{D7196523-A45A-470B-88A1-C6A207FD3BF8}.Debug|Any CPU.ActiveCfg = Debug|Any CPU
		{D7196523-A45A-470B-88A1-C6A207FD3BF8}.Debug|Any CPU.Build.0 = Debug|Any CPU
		{D7196523-A45A-470B-88A1-C6A207FD3BF8}.Release|Any CPU.ActiveCfg = Release|Any CPU
		{D7196523-A45A-470B-88A1-C6A207FD3BF8}.Release|Any CPU.Build.0 = Release|Any CPU
		{D7196523-A45A-470B-88A1-C6A207FD3BF8}.tekove|Any CPU.ActiveCfg = Release|Any CPU
		{D7196523-A45A-470B-88A1-C6A207FD3BF8}.tekove|Any CPU.Build.0 = Release|Any CPU
		{417C5260-E088-4CB8-BE01-C42DE91640D3}.Debug|Any CPU.ActiveCfg = Debug|Any CPU
		{417C5260-E088-4CB8-BE01-C42DE91640D3}.Debug|Any CPU.Build.0 = Debug|Any CPU
		{417C5260-E088-4CB8-BE01-C42DE91640D3}.Release|Any CPU.ActiveCfg = Release|Any CPU
		{417C5260-E088-4CB8-BE01-C42DE91640D3}.Release|Any CPU.Build.0 = Release|Any CPU
		{417C5260-E088-4CB8-BE01-C42DE91640D3}.tekove|Any CPU.ActiveCfg = Release|Any CPU
		{417C5260-E088-4CB8-BE01-C42DE91640D3}.tekove|Any CPU.Build.0 = Release|Any CPU
		{6C9DC708-F7F9-469A-AAA3-C626FC7AAB83}.Debug|Any CPU.ActiveCfg = Debug|Any CPU
		{6C9DC708-F7F9-469A-AAA3-C626FC7AAB83}.Debug|Any CPU.Build.0 = Debug|Any CPU
		{6C9DC708-F7F9-469A-AAA3-C626FC7AAB83}.Release|Any CPU.ActiveCfg = Release|Any CPU
		{6C9DC708-F7F9-469A-AAA3-C626FC7AAB83}.Release|Any CPU.Build.0 = Release|Any CPU
		{6C9DC708-F7F9-469A-AAA3-C626FC7AAB83}.tekove|Any CPU.ActiveCfg = Release|Any CPU
		{6C9DC708-F7F9-469A-AAA3-C626FC7AAB83}.tekove|Any CPU.Build.0 = Release|Any CPU
		{127ED51A-90CA-43F6-8A9A-9F74E178E07C}.Debug|Any CPU.ActiveCfg = Debug|Any CPU
		{127ED51A-90CA-43F6-8A9A-9F74E178E07C}.Debug|Any CPU.Build.0 = Debug|Any CPU
		{127ED51A-90CA-43F6-8A9A-9F74E178E07C}.Release|Any CPU.ActiveCfg = Release|Any CPU
		{127ED51A-90CA-43F6-8A9A-9F74E178E07C}.Release|Any CPU.Build.0 = Release|Any CPU
		{127ED51A-90CA-43F6-8A9A-9F74E178E07C}.tekove|Any CPU.ActiveCfg = Release|Any CPU
		{127ED51A-90CA-43F6-8A9A-9F74E178E07C}.tekove|Any CPU.Build.0 = Release|Any CPU
		{BDBC44B5-7E12-40D4-A218-89E642489CB7}.Debug|Any CPU.ActiveCfg = Debug|Any CPU
		{BDBC44B5-7E12-40D4-A218-89E642489CB7}.Debug|Any CPU.Build.0 = Debug|Any CPU
		{BDBC44B5-7E12-40D4-A218-89E642489CB7}.Release|Any CPU.ActiveCfg = Release|Any CPU
		{BDBC44B5-7E12-40D4-A218-89E642489CB7}.Release|Any CPU.Build.0 = Release|Any CPU
		{BDBC44B5-7E12-40D4-A218-89E642489CB7}.tekove|Any CPU.ActiveCfg = Release|Any CPU
		{BDBC44B5-7E12-40D4-A218-89E642489CB7}.tekove|Any CPU.Build.0 = Release|Any CPU
		{6E2D731A-8EB8-40C6-8A5F-CD931FCBD7D3}.Debug|Any CPU.ActiveCfg = Debug|Any CPU
		{6E2D731A-8EB8-40C6-8A5F-CD931FCBD7D3}.Debug|Any CPU.Build.0 = Debug|Any CPU
		{6E2D731A-8EB8-40C6-8A5F-CD931FCBD7D3}.Release|Any CPU.ActiveCfg = Release|Any CPU
		{6E2D731A-8EB8-40C6-8A5F-CD931FCBD7D3}.Release|Any CPU.Build.0 = Release|Any CPU
		{6E2D731A-8EB8-40C6-8A5F-CD931FCBD7D3}.tekove|Any CPU.ActiveCfg = Release|Any CPU
		{6E2D731A-8EB8-40C6-8A5F-CD931FCBD7D3}.tekove|Any CPU.Build.0 = Release|Any CPU
		{6BFFA4F1-929D-4838-B780-C999CE56EF38}.Debug|Any CPU.ActiveCfg = Debug|Any CPU
		{6BFFA4F1-929D-4838-B780-C999CE56EF38}.Debug|Any CPU.Build.0 = Debug|Any CPU
		{6BFFA4F1-929D-4838-B780-C999CE56EF38}.Release|Any CPU.ActiveCfg = Release|Any CPU
		{6BFFA4F1-929D-4838-B780-C999CE56EF38}.Release|Any CPU.Build.0 = Release|Any CPU
		{6BFFA4F1-929D-4838-B780-C999CE56EF38}.tekove|Any CPU.ActiveCfg = Release|Any CPU
		{6BFFA4F1-929D-4838-B780-C999CE56EF38}.tekove|Any CPU.Build.0 = Release|Any CPU
		{8D1C1FDF-6A6D-4354-AAED-CD35A57734AD}.Debug|Any CPU.ActiveCfg = Debug|Any CPU
		{8D1C1FDF-6A6D-4354-AAED-CD35A57734AD}.Debug|Any CPU.Build.0 = Debug|Any CPU
		{8D1C1FDF-6A6D-4354-AAED-CD35A57734AD}.Release|Any CPU.ActiveCfg = Release|Any CPU
		{8D1C1FDF-6A6D-4354-AAED-CD35A57734AD}.Release|Any CPU.Build.0 = Release|Any CPU
		{8D1C1FDF-6A6D-4354-AAED-CD35A57734AD}.tekove|Any CPU.ActiveCfg = Release|Any CPU
		{8D1C1FDF-6A6D-4354-AAED-CD35A57734AD}.tekove|Any CPU.Build.0 = Release|Any CPU
		{B9B5DCD6-1E1E-4B47-AF04-FCB2EFBE04E1}.Debug|Any CPU.ActiveCfg = Debug|Any CPU
		{B9B5DCD6-1E1E-4B47-AF04-FCB2EFBE04E1}.Debug|Any CPU.Build.0 = Debug|Any CPU
		{B9B5DCD6-1E1E-4B47-AF04-FCB2EFBE04E1}.Release|Any CPU.ActiveCfg = Release|Any CPU
		{B9B5DCD6-1E1E-4B47-AF04-FCB2EFBE04E1}.Release|Any CPU.Build.0 = Release|Any CPU
		{B9B5DCD6-1E1E-4B47-AF04-FCB2EFBE04E1}.tekove|Any CPU.ActiveCfg = tekove|Any CPU
		{B9B5DCD6-1E1E-4B47-AF04-FCB2EFBE04E1}.tekove|Any CPU.Build.0 = tekove|Any CPU
		{CB41F702-99FB-49AE-8BC0-1B7F0193EFAB}.Debug|Any CPU.ActiveCfg = Debug|Any CPU
		{CB41F702-99FB-49AE-8BC0-1B7F0193EFAB}.Debug|Any CPU.Build.0 = Debug|Any CPU
		{CB41F702-99FB-49AE-8BC0-1B7F0193EFAB}.Release|Any CPU.ActiveCfg = Release|Any CPU
		{CB41F702-99FB-49AE-8BC0-1B7F0193EFAB}.Release|Any CPU.Build.0 = Release|Any CPU
		{CB41F702-99FB-49AE-8BC0-1B7F0193EFAB}.tekove|Any CPU.ActiveCfg = tekove|Any CPU
		{CB41F702-99FB-49AE-8BC0-1B7F0193EFAB}.tekove|Any CPU.Build.0 = tekove|Any CPU
		{20259EAA-C937-4BF2-913A-F4531796FE5B}.Debug|Any CPU.ActiveCfg = Debug|Any CPU
		{20259EAA-C937-4BF2-913A-F4531796FE5B}.Debug|Any CPU.Build.0 = Debug|Any CPU
		{20259EAA-C937-4BF2-913A-F4531796FE5B}.Release|Any CPU.ActiveCfg = Release|Any CPU
		{20259EAA-C937-4BF2-913A-F4531796FE5B}.Release|Any CPU.Build.0 = Release|Any CPU
		{20259EAA-C937-4BF2-913A-F4531796FE5B}.tekove|Any CPU.ActiveCfg = tekove|Any CPU
		{20259EAA-C937-4BF2-913A-F4531796FE5B}.tekove|Any CPU.Build.0 = tekove|Any CPU
		{9F222811-5858-42ED-958F-96C228D67808}.Debug|Any CPU.ActiveCfg = Debug|Any CPU
		{9F222811-5858-42ED-958F-96C228D67808}.Debug|Any CPU.Build.0 = Debug|Any CPU
		{9F222811-5858-42ED-958F-96C228D67808}.Release|Any CPU.ActiveCfg = Release|Any CPU
		{9F222811-5858-42ED-958F-96C228D67808}.Release|Any CPU.Build.0 = Release|Any CPU
		{9F222811-5858-42ED-958F-96C228D67808}.tekove|Any CPU.ActiveCfg = tekove|Any CPU
		{9F222811-5858-42ED-958F-96C228D67808}.tekove|Any CPU.Build.0 = tekove|Any CPU
		{E764FE19-BDC2-4D35-9A83-F29FBA4B61B2}.Debug|Any CPU.ActiveCfg = Debug|Any CPU
		{E764FE19-BDC2-4D35-9A83-F29FBA4B61B2}.Debug|Any CPU.Build.0 = Debug|Any CPU
		{E764FE19-BDC2-4D35-9A83-F29FBA4B61B2}.Release|Any CPU.ActiveCfg = Release|Any CPU
		{E764FE19-BDC2-4D35-9A83-F29FBA4B61B2}.Release|Any CPU.Build.0 = Release|Any CPU
		{E764FE19-BDC2-4D35-9A83-F29FBA4B61B2}.tekove|Any CPU.ActiveCfg = tekove|Any CPU
		{E764FE19-BDC2-4D35-9A83-F29FBA4B61B2}.tekove|Any CPU.Build.0 = tekove|Any CPU
		{F307CEE1-72C8-491F-8867-0F3EBE3F7DBF}.Debug|Any CPU.ActiveCfg = Debug|Any CPU
		{F307CEE1-72C8-491F-8867-0F3EBE3F7DBF}.Debug|Any CPU.Build.0 = Debug|Any CPU
		{F307CEE1-72C8-491F-8867-0F3EBE3F7DBF}.Release|Any CPU.ActiveCfg = Release|Any CPU
		{F307CEE1-72C8-491F-8867-0F3EBE3F7DBF}.Release|Any CPU.Build.0 = Release|Any CPU
		{F307CEE1-72C8-491F-8867-0F3EBE3F7DBF}.tekove|Any CPU.ActiveCfg = tekove|Any CPU
		{F307CEE1-72C8-491F-8867-0F3EBE3F7DBF}.tekove|Any CPU.Build.0 = tekove|Any CPU
		{A7BED685-D711-4227-84B4-FEEC8EDF460C}.Debug|Any CPU.ActiveCfg = Debug|Any CPU
		{A7BED685-D711-4227-84B4-FEEC8EDF460C}.Debug|Any CPU.Build.0 = Debug|Any CPU
		{A7BED685-D711-4227-84B4-FEEC8EDF460C}.Release|Any CPU.ActiveCfg = Release|Any CPU
		{A7BED685-D711-4227-84B4-FEEC8EDF460C}.Release|Any CPU.Build.0 = Release|Any CPU
		{A7BED685-D711-4227-84B4-FEEC8EDF460C}.tekove|Any CPU.ActiveCfg = tekove|Any CPU
		{A7BED685-D711-4227-84B4-FEEC8EDF460C}.tekove|Any CPU.Build.0 = tekove|Any CPU
		{C3282245-96C8-4C3B-BBD1-59D581BD3F97}.Debug|Any CPU.ActiveCfg = Debug|Any CPU
		{C3282245-96C8-4C3B-BBD1-59D581BD3F97}.Debug|Any CPU.Build.0 = Debug|Any CPU
		{C3282245-96C8-4C3B-BBD1-59D581BD3F97}.Release|Any CPU.ActiveCfg = Release|Any CPU
		{C3282245-96C8-4C3B-BBD1-59D581BD3F97}.Release|Any CPU.Build.0 = Release|Any CPU
		{C3282245-96C8-4C3B-BBD1-59D581BD3F97}.tekove|Any CPU.ActiveCfg = tekove|Any CPU
		{C3282245-96C8-4C3B-BBD1-59D581BD3F97}.tekove|Any CPU.Build.0 = tekove|Any CPU
		{492B8264-0C10-4AFE-A15F-8A82E60ADE68}.Debug|Any CPU.ActiveCfg = Debug|Any CPU
		{492B8264-0C10-4AFE-A15F-8A82E60ADE68}.Debug|Any CPU.Build.0 = Debug|Any CPU
		{492B8264-0C10-4AFE-A15F-8A82E60ADE68}.Release|Any CPU.ActiveCfg = Release|Any CPU
		{492B8264-0C10-4AFE-A15F-8A82E60ADE68}.Release|Any CPU.Build.0 = Release|Any CPU
		{492B8264-0C10-4AFE-A15F-8A82E60ADE68}.tekove|Any CPU.ActiveCfg = tekove|Any CPU
		{492B8264-0C10-4AFE-A15F-8A82E60ADE68}.tekove|Any CPU.Build.0 = tekove|Any CPU
		{37F66CD2-C14C-4273-B4C2-09E434F63A7D}.Debug|Any CPU.ActiveCfg = Debug|Any CPU
		{37F66CD2-C14C-4273-B4C2-09E434F63A7D}.Debug|Any CPU.Build.0 = Debug|Any CPU
		{37F66CD2-C14C-4273-B4C2-09E434F63A7D}.Release|Any CPU.ActiveCfg = Release|Any CPU
		{37F66CD2-C14C-4273-B4C2-09E434F63A7D}.Release|Any CPU.Build.0 = Release|Any CPU
		{37F66CD2-C14C-4273-B4C2-09E434F63A7D}.tekove|Any CPU.ActiveCfg = Release|Any CPU
		{37F66CD2-C14C-4273-B4C2-09E434F63A7D}.tekove|Any CPU.Build.0 = Release|Any CPU
		{8C6CDBD9-F5DE-4FE9-B7C5-178967C2B5AB}.Debug|Any CPU.ActiveCfg = Debug|Any CPU
		{8C6CDBD9-F5DE-4FE9-B7C5-178967C2B5AB}.Debug|Any CPU.Build.0 = Debug|Any CPU
		{8C6CDBD9-F5DE-4FE9-B7C5-178967C2B5AB}.Release|Any CPU.ActiveCfg = Release|Any CPU
		{8C6CDBD9-F5DE-4FE9-B7C5-178967C2B5AB}.Release|Any CPU.Build.0 = Release|Any CPU
		{8C6CDBD9-F5DE-4FE9-B7C5-178967C2B5AB}.tekove|Any CPU.ActiveCfg = Release|Any CPU
		{8C6CDBD9-F5DE-4FE9-B7C5-178967C2B5AB}.tekove|Any CPU.Build.0 = Release|Any CPU
		{655A731F-8412-4AD3-9BF3-9081A7C05DF9}.Debug|Any CPU.ActiveCfg = Debug|Any CPU
		{655A731F-8412-4AD3-9BF3-9081A7C05DF9}.Debug|Any CPU.Build.0 = Debug|Any CPU
		{655A731F-8412-4AD3-9BF3-9081A7C05DF9}.Release|Any CPU.ActiveCfg = Release|Any CPU
		{655A731F-8412-4AD3-9BF3-9081A7C05DF9}.Release|Any CPU.Build.0 = Release|Any CPU
		{655A731F-8412-4AD3-9BF3-9081A7C05DF9}.tekove|Any CPU.ActiveCfg = Release|Any CPU
		{655A731F-8412-4AD3-9BF3-9081A7C05DF9}.tekove|Any CPU.Build.0 = Release|Any CPU
		{36C18611-D925-45A2-83B8-AE98EC89E74B}.Debug|Any CPU.ActiveCfg = Debug|Any CPU
		{36C18611-D925-45A2-83B8-AE98EC89E74B}.Debug|Any CPU.Build.0 = Debug|Any CPU
		{36C18611-D925-45A2-83B8-AE98EC89E74B}.Release|Any CPU.ActiveCfg = Release|Any CPU
		{36C18611-D925-45A2-83B8-AE98EC89E74B}.Release|Any CPU.Build.0 = Release|Any CPU
		{36C18611-D925-45A2-83B8-AE98EC89E74B}.tekove|Any CPU.ActiveCfg = Release|Any CPU
		{36C18611-D925-45A2-83B8-AE98EC89E74B}.tekove|Any CPU.Build.0 = Release|Any CPU
		{D99A9F23-DBBF-4A12-A9D7-A4B6380C9FA4}.Debug|Any CPU.ActiveCfg = Debug|Any CPU
		{D99A9F23-DBBF-4A12-A9D7-A4B6380C9FA4}.Debug|Any CPU.Build.0 = Debug|Any CPU
		{D99A9F23-DBBF-4A12-A9D7-A4B6380C9FA4}.Release|Any CPU.ActiveCfg = Release|Any CPU
		{D99A9F23-DBBF-4A12-A9D7-A4B6380C9FA4}.Release|Any CPU.Build.0 = Release|Any CPU
		{D99A9F23-DBBF-4A12-A9D7-A4B6380C9FA4}.tekove|Any CPU.ActiveCfg = Release|Any CPU
		{D99A9F23-DBBF-4A12-A9D7-A4B6380C9FA4}.tekove|Any CPU.Build.0 = Release|Any CPU
		{B72272A4-AB34-4F49-BFBC-75C0C600B120}.Debug|Any CPU.ActiveCfg = Debug|Any CPU
		{B72272A4-AB34-4F49-BFBC-75C0C600B120}.Debug|Any CPU.Build.0 = Debug|Any CPU
		{B72272A4-AB34-4F49-BFBC-75C0C600B120}.Release|Any CPU.ActiveCfg = Release|Any CPU
		{B72272A4-AB34-4F49-BFBC-75C0C600B120}.Release|Any CPU.Build.0 = Release|Any CPU
		{B72272A4-AB34-4F49-BFBC-75C0C600B120}.tekove|Any CPU.ActiveCfg = Release|Any CPU
		{B72272A4-AB34-4F49-BFBC-75C0C600B120}.tekove|Any CPU.Build.0 = Release|Any CPU
		{4D90EDB4-42B0-4396-8DAE-74342DF9C959}.Debug|Any CPU.ActiveCfg = Debug|Any CPU
		{4D90EDB4-42B0-4396-8DAE-74342DF9C959}.Debug|Any CPU.Build.0 = Debug|Any CPU
		{4D90EDB4-42B0-4396-8DAE-74342DF9C959}.Release|Any CPU.ActiveCfg = Release|Any CPU
		{4D90EDB4-42B0-4396-8DAE-74342DF9C959}.Release|Any CPU.Build.0 = Release|Any CPU
		{4D90EDB4-42B0-4396-8DAE-74342DF9C959}.tekove|Any CPU.ActiveCfg = Release|Any CPU
		{4D90EDB4-42B0-4396-8DAE-74342DF9C959}.tekove|Any CPU.Build.0 = Release|Any CPU
		{F98F1B54-2795-4D67-927F-D4C05B0D34F4}.Debug|Any CPU.ActiveCfg = Debug|Any CPU
		{F98F1B54-2795-4D67-927F-D4C05B0D34F4}.Debug|Any CPU.Build.0 = Debug|Any CPU
		{F98F1B54-2795-4D67-927F-D4C05B0D34F4}.Release|Any CPU.ActiveCfg = Release|Any CPU
		{F98F1B54-2795-4D67-927F-D4C05B0D34F4}.Release|Any CPU.Build.0 = Release|Any CPU
		{F98F1B54-2795-4D67-927F-D4C05B0D34F4}.tekove|Any CPU.ActiveCfg = Release|Any CPU
		{F98F1B54-2795-4D67-927F-D4C05B0D34F4}.tekove|Any CPU.Build.0 = Release|Any CPU
	EndGlobalSection
	GlobalSection(SolutionProperties) = preSolution
		HideSolutionNode = FALSE
	EndGlobalSection
	GlobalSection(NestedProjects) = preSolution
		{D7196523-A45A-470B-88A1-C6A207FD3BF8} = {733D718D-2013-48CF-AC8A-D59B4546EFDF}
		{417C5260-E088-4CB8-BE01-C42DE91640D3} = {733D718D-2013-48CF-AC8A-D59B4546EFDF}
		{6C9DC708-F7F9-469A-AAA3-C626FC7AAB83} = {733D718D-2013-48CF-AC8A-D59B4546EFDF}
		{127ED51A-90CA-43F6-8A9A-9F74E178E07C} = {733D718D-2013-48CF-AC8A-D59B4546EFDF}
		{BDBC44B5-7E12-40D4-A218-89E642489CB7} = {733D718D-2013-48CF-AC8A-D59B4546EFDF}
		{6E2D731A-8EB8-40C6-8A5F-CD931FCBD7D3} = {733D718D-2013-48CF-AC8A-D59B4546EFDF}
		{6BFFA4F1-929D-4838-B780-C999CE56EF38} = {9109814F-EB52-4347-95CC-7981D37BFEB3}
		{8D1C1FDF-6A6D-4354-AAED-CD35A57734AD} = {04EDFCCC-E721-43BB-BA54-CE985478E21B}
		{B9B5DCD6-1E1E-4B47-AF04-FCB2EFBE04E1} = {FD40B3D3-3524-4B78-8519-BB882CE6297E}
		{CB41F702-99FB-49AE-8BC0-1B7F0193EFAB} = {FD40B3D3-3524-4B78-8519-BB882CE6297E}
		{20259EAA-C937-4BF2-913A-F4531796FE5B} = {FD40B3D3-3524-4B78-8519-BB882CE6297E}
		{9F222811-5858-42ED-958F-96C228D67808} = {FD40B3D3-3524-4B78-8519-BB882CE6297E}
		{E764FE19-BDC2-4D35-9A83-F29FBA4B61B2} = {FD40B3D3-3524-4B78-8519-BB882CE6297E}
		{F307CEE1-72C8-491F-8867-0F3EBE3F7DBF} = {FD40B3D3-3524-4B78-8519-BB882CE6297E}
		{A7BED685-D711-4227-84B4-FEEC8EDF460C} = {FD40B3D3-3524-4B78-8519-BB882CE6297E}
		{C3282245-96C8-4C3B-BBD1-59D581BD3F97} = {FD40B3D3-3524-4B78-8519-BB882CE6297E}
		{492B8264-0C10-4AFE-A15F-8A82E60ADE68} = {FD40B3D3-3524-4B78-8519-BB882CE6297E}
		{37F66CD2-C14C-4273-B4C2-09E434F63A7D} = {9109814F-EB52-4347-95CC-7981D37BFEB3}
		{8C6CDBD9-F5DE-4FE9-B7C5-178967C2B5AB} = {17209593-382C-41A4-8BAC-7BD5149C77F7}
		{655A731F-8412-4AD3-9BF3-9081A7C05DF9} = {17209593-382C-41A4-8BAC-7BD5149C77F7}
		{36C18611-D925-45A2-83B8-AE98EC89E74B} = {9109814F-EB52-4347-95CC-7981D37BFEB3}
		{D99A9F23-DBBF-4A12-A9D7-A4B6380C9FA4} = {04EDFCCC-E721-43BB-BA54-CE985478E21B}
		{B72272A4-AB34-4F49-BFBC-75C0C600B120} = {17209593-382C-41A4-8BAC-7BD5149C77F7}
		{4D90EDB4-42B0-4396-8DAE-74342DF9C959} = {0AFC19EE-71FE-4A4D-9BD7-98DAC85D0B33}
		{F98F1B54-2795-4D67-927F-D4C05B0D34F4} = {FD40B3D3-3524-4B78-8519-BB882CE6297E}
	EndGlobalSection
EndGlobal
